// !$*UTF8*$!
{
	archiveVersion = 1;
	classes = {
	};
	objectVersion = 46;
	objects = {

/* Begin PBXBuildFile section */
		3E91F2651B287925008CAE52 /* AppDelegate.swift in Sources */ = {isa = PBXBuildFile; fileRef = 3E91F2641B287925008CAE52 /* AppDelegate.swift */; };
		3E91F2681B287925008CAE52 /* SDOSTest.xcdatamodeld in Sources */ = {isa = PBXBuildFile; fileRef = 3E91F2661B287925008CAE52 /* SDOSTest.xcdatamodeld */; };
		3E91F26A1B287925008CAE52 /* MasterViewController.swift in Sources */ = {isa = PBXBuildFile; fileRef = 3E91F2691B287925008CAE52 /* MasterViewController.swift */; };
		3E91F26C1B287925008CAE52 /* DetailViewController.swift in Sources */ = {isa = PBXBuildFile; fileRef = 3E91F26B1B287925008CAE52 /* DetailViewController.swift */; };
		3E91F26F1B287925008CAE52 /* Main.storyboard in Resources */ = {isa = PBXBuildFile; fileRef = 3E91F26D1B287925008CAE52 /* Main.storyboard */; };
		3E91F2711B287925008CAE52 /* Images.xcassets in Resources */ = {isa = PBXBuildFile; fileRef = 3E91F2701B287925008CAE52 /* Images.xcassets */; };
		3E91F2741B287925008CAE52 /* LaunchScreen.xib in Resources */ = {isa = PBXBuildFile; fileRef = 3E91F2721B287925008CAE52 /* LaunchScreen.xib */; };
		3E91F2801B287925008CAE52 /* SDOSTestTests.swift in Sources */ = {isa = PBXBuildFile; fileRef = 3E91F27F1B287925008CAE52 /* SDOSTestTests.swift */; };
/* End PBXBuildFile section */

/* Begin PBXContainerItemProxy section */
		3E91F27A1B287925008CAE52 /* PBXContainerItemProxy */ = {
			isa = PBXContainerItemProxy;
			containerPortal = 3E91F2571B287925008CAE52 /* Project object */;
			proxyType = 1;
			remoteGlobalIDString = 3E91F25E1B287925008CAE52;
			remoteInfo = SDOSTest;
		};
/* End PBXContainerItemProxy section */

/* Begin PBXFileReference section */
		3E91F25F1B287925008CAE52 /* SDOSTest.app */ = {isa = PBXFileReference; explicitFileType = wrapper.application; includeInIndex = 0; path = SDOSTest.app; sourceTree = BUILT_PRODUCTS_DIR; };
		3E91F2631B287925008CAE52 /* Info.plist */ = {isa = PBXFileReference; lastKnownFileType = text.plist.xml; path = Info.plist; sourceTree = "<group>"; };
		3E91F2641B287925008CAE52 /* AppDelegate.swift */ = {isa = PBXFileReference; lastKnownFileType = sourcecode.swift; path = AppDelegate.swift; sourceTree = "<group>"; };
		3E91F2671B287925008CAE52 /* SDOSTest.xcdatamodel */ = {isa = PBXFileReference; lastKnownFileType = wrapper.xcdatamodel; path = SDOSTest.xcdatamodel; sourceTree = "<group>"; };
		3E91F2691B287925008CAE52 /* MasterViewController.swift */ = {isa = PBXFileReference; lastKnownFileType = sourcecode.swift; path = MasterViewController.swift; sourceTree = "<group>"; };
		3E91F26B1B287925008CAE52 /* DetailViewController.swift */ = {isa = PBXFileReference; lastKnownFileType = sourcecode.swift; path = DetailViewController.swift; sourceTree = "<group>"; };
		3E91F26E1B287925008CAE52 /* Base */ = {isa = PBXFileReference; lastKnownFileType = file.storyboard; name = Base; path = Base.lproj/Main.storyboard; sourceTree = "<group>"; };
		3E91F2701B287925008CAE52 /* Images.xcassets */ = {isa = PBXFileReference; lastKnownFileType = folder.assetcatalog; path = Images.xcassets; sourceTree = "<group>"; };
		3E91F2731B287925008CAE52 /* Base */ = {isa = PBXFileReference; lastKnownFileType = file.xib; name = Base; path = Base.lproj/LaunchScreen.xib; sourceTree = "<group>"; };
		3E91F2791B287925008CAE52 /* SDOSTestTests.xctest */ = {isa = PBXFileReference; explicitFileType = wrapper.cfbundle; includeInIndex = 0; path = SDOSTestTests.xctest; sourceTree = BUILT_PRODUCTS_DIR; };
		3E91F27E1B287925008CAE52 /* Info.plist */ = {isa = PBXFileReference; lastKnownFileType = text.plist.xml; path = Info.plist; sourceTree = "<group>"; };
		3E91F27F1B287925008CAE52 /* SDOSTestTests.swift */ = {isa = PBXFileReference; lastKnownFileType = sourcecode.swift; path = SDOSTestTests.swift; sourceTree = "<group>"; };
/* End PBXFileReference section */

/* Begin PBXFrameworksBuildPhase section */
		3E91F25C1B287925008CAE52 /* Frameworks */ = {
			isa = PBXFrameworksBuildPhase;
			buildActionMask = 2147483647;
			files = (
			);
			runOnlyForDeploymentPostprocessing = 0;
		};
		3E91F2761B287925008CAE52 /* Frameworks */ = {
			isa = PBXFrameworksBuildPhase;
			buildActionMask = 2147483647;
			files = (
			);
			runOnlyForDeploymentPostprocessing = 0;
		};
/* End PBXFrameworksBuildPhase section */

/* Begin PBXGroup section */
		3E91F2561B287925008CAE52 = {
			isa = PBXGroup;
			children = (
				3E91F2611B287925008CAE52 /* SDOSTest */,
				3E91F27C1B287925008CAE52 /* SDOSTestTests */,
				3E91F2601B287925008CAE52 /* Products */,
			);
			sourceTree = "<group>";
		};
		3E91F2601B287925008CAE52 /* Products */ = {
			isa = PBXGroup;
			children = (
				3E91F25F1B287925008CAE52 /* SDOSTest.app */,
				3E91F2791B287925008CAE52 /* SDOSTestTests.xctest */,
			);
			name = Products;
			sourceTree = "<group>";
		};
		3E91F2611B287925008CAE52 /* SDOSTest */ = {
			isa = PBXGroup;
			children = (
				3E91F2641B287925008CAE52 /* AppDelegate.swift */,
				3E91F2691B287925008CAE52 /* MasterViewController.swift */,
				3E91F26B1B287925008CAE52 /* DetailViewController.swift */,
				3E91F26D1B287925008CAE52 /* Main.storyboard */,
				3E91F2701B287925008CAE52 /* Images.xcassets */,
				3E91F2721B287925008CAE52 /* LaunchScreen.xib */,
				3E91F2661B287925008CAE52 /* SDOSTest.xcdatamodeld */,
				3E91F2621B287925008CAE52 /* Supporting Files */,
			);
			path = SDOSTest;
			sourceTree = "<group>";
		};
		3E91F2621B287925008CAE52 /* Supporting Files */ = {
			isa = PBXGroup;
			children = (
				3E91F2631B287925008CAE52 /* Info.plist */,
			);
			name = "Supporting Files";
			sourceTree = "<group>";
		};
		3E91F27C1B287925008CAE52 /* SDOSTestTests */ = {
			isa = PBXGroup;
			children = (
				3E91F27F1B287925008CAE52 /* SDOSTestTests.swift */,
				3E91F27D1B287925008CAE52 /* Supporting Files */,
			);
			path = SDOSTestTests;
			sourceTree = "<group>";
		};
		3E91F27D1B287925008CAE52 /* Supporting Files */ = {
			isa = PBXGroup;
			children = (
				3E91F27E1B287925008CAE52 /* Info.plist */,
			);
			name = "Supporting Files";
			sourceTree = "<group>";
		};
/* End PBXGroup section */

/* Begin PBXNativeTarget section */
		3E91F25E1B287925008CAE52 /* SDOSTest */ = {
			isa = PBXNativeTarget;
			buildConfigurationList = 3E91F2831B287925008CAE52 /* Build configuration list for PBXNativeTarget "SDOSTest" */;
			buildPhases = (
				3E91F25B1B287925008CAE52 /* Sources */,
				3E91F25C1B287925008CAE52 /* Frameworks */,
				3E91F25D1B287925008CAE52 /* Resources */,
			);
			buildRules = (
			);
			dependencies = (
			);
			name = SDOSTest;
			productName = SDOSTest;
			productReference = 3E91F25F1B287925008CAE52 /* SDOSTest.app */;
			productType = "com.apple.product-type.application";
		};
		3E91F2781B287925008CAE52 /* SDOSTestTests */ = {
			isa = PBXNativeTarget;
			buildConfigurationList = 3E91F2861B287925008CAE52 /* Build configuration list for PBXNativeTarget "SDOSTestTests" */;
			buildPhases = (
				3E91F2751B287925008CAE52 /* Sources */,
				3E91F2761B287925008CAE52 /* Frameworks */,
				3E91F2771B287925008CAE52 /* Resources */,
			);
			buildRules = (
			);
			dependencies = (
				3E91F27B1B287925008CAE52 /* PBXTargetDependency */,
			);
			name = SDOSTestTests;
			productName = SDOSTestTests;
			productReference = 3E91F2791B287925008CAE52 /* SDOSTestTests.xctest */;
			productType = "com.apple.product-type.bundle.unit-test";
		};
/* End PBXNativeTarget section */

/* Begin PBXProject section */
		3E91F2571B287925008CAE52 /* Project object */ = {
			isa = PBXProject;
			attributes = {
				LastUpgradeCheck = 0630;
				ORGANIZATIONNAME = FCD;
				TargetAttributes = {
					3E91F25E1B287925008CAE52 = {
						CreatedOnToolsVersion = 6.3.2;
					};
					3E91F2781B287925008CAE52 = {
						CreatedOnToolsVersion = 6.3.2;
						TestTargetID = 3E91F25E1B287925008CAE52;
					};
				};
			};
			buildConfigurationList = 3E91F25A1B287925008CAE52 /* Build configuration list for PBXProject "SDOSTest" */;
			compatibilityVersion = "Xcode 3.2";
			developmentRegion = English;
			hasScannedForEncodings = 0;
			knownRegions = (
				en,
				Base,
			);
			mainGroup = 3E91F2561B287925008CAE52;
			productRefGroup = 3E91F2601B287925008CAE52 /* Products */;
			projectDirPath = "";
			projectRoot = "";
			targets = (
				3E91F25E1B287925008CAE52 /* SDOSTest */,
				3E91F2781B287925008CAE52 /* SDOSTestTests */,
			);
		};
/* End PBXProject section */

/* Begin PBXResourcesBuildPhase section */
		3E91F25D1B287925008CAE52 /* Resources */ = {
			isa = PBXResourcesBuildPhase;
			buildActionMask = 2147483647;
			files = (
				3E91F26F1B287925008CAE52 /* Main.storyboard in Resources */,
				3E91F2741B287925008CAE52 /* LaunchScreen.xib in Resources */,
				3E91F2711B287925008CAE52 /* Images.xcassets in Resources */,
			);
			runOnlyForDeploymentPostprocessing = 0;
		};
		3E91F2771B287925008CAE52 /* Resources */ = {
			isa = PBXResourcesBuildPhase;
			buildActionMask = 2147483647;
			files = (
			);
			runOnlyForDeploymentPostprocessing = 0;
		};
/* End PBXResourcesBuildPhase section */

/* Begin PBXSourcesBuildPhase section */
		3E91F25B1B287925008CAE52 /* Sources */ = {
			isa = PBXSourcesBuildPhase;
			buildActionMask = 2147483647;
			files = (
				3E91F2681B287925008CAE52 /* SDOSTest.xcdatamodeld in Sources */,
				3E91F2651B287925008CAE52 /* AppDelegate.swift in Sources */,
				3E91F26A1B287925008CAE52 /* MasterViewController.swift in Sources */,
				3E91F26C1B287925008CAE52 /* DetailViewController.swift in Sources */,
			);
			runOnlyForDeploymentPostprocessing = 0;
		};
		3E91F2751B287925008CAE52 /* Sources */ = {
			isa = PBXSourcesBuildPhase;
			buildActionMask = 2147483647;
			files = (
				3E91F2801B287925008CAE52 /* SDOSTestTests.swift in Sources */,
			);
			runOnlyForDeploymentPostprocessing = 0;
		};
/* End PBXSourcesBuildPhase section */

/* Begin PBXTargetDependency section */
		3E91F27B1B287925008CAE52 /* PBXTargetDependency */ = {
			isa = PBXTargetDependency;
			target = 3E91F25E1B287925008CAE52 /* SDOSTest */;
			targetProxy = 3E91F27A1B287925008CAE52 /* PBXContainerItemProxy */;
		};
/* End PBXTargetDependency section */

/* Begin PBXVariantGroup section */
		3E91F26D1B287925008CAE52 /* Main.storyboard */ = {
			isa = PBXVariantGroup;
			children = (
				3E91F26E1B287925008CAE52 /* Base */,
			);
			name = Main.storyboard;
			sourceTree = "<group>";
		};
		3E91F2721B287925008CAE52 /* LaunchScreen.xib */ = {
			isa = PBXVariantGroup;
			children = (
				3E91F2731B287925008CAE52 /* Base */,
			);
			name = LaunchScreen.xib;
			sourceTree = "<group>";
		};
/* End PBXVariantGroup section */

/* Begin XCBuildConfiguration section */
		3E91F2811B287925008CAE52 /* Debug */ = {
			isa = XCBuildConfiguration;
			buildSettings = {
				ALWAYS_SEARCH_USER_PATHS = NO;
				CLANG_CXX_LANGUAGE_STANDARD = "gnu++0x";
				CLANG_CXX_LIBRARY = "libc++";
				CLANG_ENABLE_MODULES = YES;
				CLANG_ENABLE_OBJC_ARC = YES;
				CLANG_WARN_BOOL_CONVERSION = YES;
				CLANG_WARN_CONSTANT_CONVERSION = YES;
				CLANG_WARN_DIRECT_OBJC_ISA_USAGE = YES_ERROR;
				CLANG_WARN_EMPTY_BODY = YES;
				CLANG_WARN_ENUM_CONVERSION = YES;
				CLANG_WARN_INT_CONVERSION = YES;
				CLANG_WARN_OBJC_ROOT_CLASS = YES_ERROR;
				CLANG_WARN_UNREACHABLE_CODE = YES;
				CLANG_WARN__DUPLICATE_METHOD_MATCH = YES;
				"CODE_SIGN_IDENTITY[sdk=iphoneos*]" = "iPhone Developer";
				COPY_PHASE_STRIP = NO;
				DEBUG_INFORMATION_FORMAT = "dwarf-with-dsym";
				ENABLE_STRICT_OBJC_MSGSEND = YES;
				GCC_C_LANGUAGE_STANDARD = gnu99;
				GCC_DYNAMIC_NO_PIC = NO;
				GCC_NO_COMMON_BLOCKS = YES;
				GCC_OPTIMIZATION_LEVEL = 0;
				GCC_PREPROCESSOR_DEFINITIONS = (
					"DEBUG=1",
					"$(inherited)",
				);
				GCC_SYMBOLS_PRIVATE_EXTERN = NO;
				GCC_WARN_64_TO_32_BIT_CONVERSION = YES;
				GCC_WARN_ABOUT_RETURN_TYPE = YES_ERROR;
				GCC_WARN_UNDECLARED_SELECTOR = YES;
				GCC_WARN_UNINITIALIZED_AUTOS = YES_AGGRESSIVE;
				GCC_WARN_UNUSED_FUNCTION = YES;
				GCC_WARN_UNUSED_VARIABLE = YES;
				IPHONEOS_DEPLOYMENT_TARGET = 8.3;
				MTL_ENABLE_DEBUG_INFO = YES;
				ONLY_ACTIVE_ARCH = YES;
				SDKROOT = iphoneos;
				SWIFT_OPTIMIZATION_LEVEL = "-Onone";
				TARGETED_DEVICE_FAMILY = "1,2";
			};
			name = Debug;
		};
		3E91F2821B287925008CAE52 /* Release */ = {
			isa = XCBuildConfiguration;
			buildSettings = {
				ALWAYS_SEARCH_USER_PATHS = NO;
				CLANG_CXX_LANGUAGE_STANDARD = "gnu++0x";
				CLANG_CXX_LIBRARY = "libc++";
				CLANG_ENABLE_MODULES = YES;
				CLANG_ENABLE_OBJC_ARC = YES;
				CLANG_WARN_BOOL_CONVERSION = YES;
				CLANG_WARN_CONSTANT_CONVERSION = YES;
				CLANG_WARN_DIRECT_OBJC_ISA_USAGE = YES_ERROR;
				CLANG_WARN_EMPTY_BODY = YES;
				CLANG_WARN_ENUM_CONVERSION = YES;
				CLANG_WARN_INT_CONVERSION = YES;
				CLANG_WARN_OBJC_ROOT_CLASS = YES_ERROR;
				CLANG_WARN_UNREACHABLE_CODE = YES;
				CLANG_WARN__DUPLICATE_METHOD_MATCH = YES;
				"CODE_SIGN_IDENTITY[sdk=iphoneos*]" = "iPhone Developer";
				COPY_PHASE_STRIP = NO;
				DEBUG_INFORMATION_FORMAT = "dwarf-with-dsym";
				ENABLE_NS_ASSERTIONS = NO;
				ENABLE_STRICT_OBJC_MSGSEND = YES;
				GCC_C_LANGUAGE_STANDARD = gnu99;
				GCC_NO_COMMON_BLOCKS = YES;
				GCC_WARN_64_TO_32_BIT_CONVERSION = YES;
				GCC_WARN_ABOUT_RETURN_TYPE = YES_ERROR;
				GCC_WARN_UNDECLARED_SELECTOR = YES;
				GCC_WARN_UNINITIALIZED_AUTOS = YES_AGGRESSIVE;
				GCC_WARN_UNUSED_FUNCTION = YES;
				GCC_WARN_UNUSED_VARIABLE = YES;
				IPHONEOS_DEPLOYMENT_TARGET = 8.3;
				MTL_ENABLE_DEBUG_INFO = NO;
				SDKROOT = iphoneos;
				TARGETED_DEVICE_FAMILY = "1,2";
				VALIDATE_PRODUCT = YES;
			};
			name = Release;
		};
		3E91F2841B287925008CAE52 /* Debug */ = {
			isa = XCBuildConfiguration;
			buildSettings = {
				ASSETCATALOG_COMPILER_APPICON_NAME = AppIcon;
				INFOPLIST_FILE = SDOSTest/Info.plist;
				LD_RUNPATH_SEARCH_PATHS = "$(inherited) @executable_path/Frameworks";
				PRODUCT_NAME = "$(TARGET_NAME)";
			};
			name = Debug;
		};
		3E91F2851B287925008CAE52 /* Release */ = {
			isa = XCBuildConfiguration;
			buildSettings = {
				ASSETCATALOG_COMPILER_APPICON_NAME = AppIcon;
				INFOPLIST_FILE = SDOSTest/Info.plist;
				LD_RUNPATH_SEARCH_PATHS = "$(inherited) @executable_path/Frameworks";
				PRODUCT_NAME = "$(TARGET_NAME)";
			};
			name = Release;
		};
		3E91F2871B287925008CAE52 /* Debug */ = {
			isa = XCBuildConfiguration;
			buildSettings = {
				BUNDLE_LOADER = "$(TEST_HOST)";
				FRAMEWORK_SEARCH_PATHS = (
					"$(SDKROOT)/Developer/Library/Frameworks",
					"$(inherited)",
				);
				GCC_PREPROCESSOR_DEFINITIONS = (
					"DEBUG=1",
					"$(inherited)",
				);
				INFOPLIST_FILE = SDOSTestTests/Info.plist;
				LD_RUNPATH_SEARCH_PATHS = "$(inherited) @executable_path/Frameworks @loader_path/Frameworks";
				PRODUCT_NAME = "$(TARGET_NAME)";
				TEST_HOST = "$(BUILT_PRODUCTS_DIR)/SDOSTest.app/SDOSTest";
			};
			name = Debug;
		};
		3E91F2881B287925008CAE52 /* Release */ = {
			isa = XCBuildConfiguration;
			buildSettings = {
				BUNDLE_LOADER = "$(TEST_HOST)";
				FRAMEWORK_SEARCH_PATHS = (
					"$(SDKROOT)/Developer/Library/Frameworks",
					"$(inherited)",
				);
				INFOPLIST_FILE = SDOSTestTests/Info.plist;
				LD_RUNPATH_SEARCH_PATHS = "$(inherited) @executable_path/Frameworks @loader_path/Frameworks";
				PRODUCT_NAME = "$(TARGET_NAME)";
				TEST_HOST = "$(BUILT_PRODUCTS_DIR)/SDOSTest.app/SDOSTest";
			};
			name = Release;
		};
/* End XCBuildConfiguration section */

/* Begin XCConfigurationList section */
		3E91F25A1B287925008CAE52 /* Build configuration list for PBXProject "SDOSTest" */ = {
			isa = XCConfigurationList;
			buildConfigurations = (
				3E91F2811B287925008CAE52 /* Debug */,
				3E91F2821B287925008CAE52 /* Release */,
			);
			defaultConfigurationIsVisible = 0;
			defaultConfigurationName = Release;
		};
		3E91F2831B287925008CAE52 /* Build configuration list for PBXNativeTarget "SDOSTest" */ = {
			isa = XCConfigurationList;
			buildConfigurations = (
				3E91F2841B287925008CAE52 /* Debug */,
				3E91F2851B287925008CAE52 /* Release */,
			);
			defaultConfigurationIsVisible = 0;
		};
		3E91F2861B287925008CAE52 /* Build configuration list for PBXNativeTarget "SDOSTestTests" */ = {
			isa = XCConfigurationList;
			buildConfigurations = (
				3E91F2871B287925008CAE52 /* Debug */,
				3E91F2881B287925008CAE52 /* Release */,
			);
			defaultConfigurationIsVisible = 0;
		};
/* End XCConfigurationList section */

/* Begin XCVersionGroup section */
		3E91F2661B287925008CAE52 /* SDOSTest.xcdatamodeld */ = {
			isa = XCVersionGroup;
			children = (
				3E91F2671B287925008CAE52 /* SDOSTest.xcdatamodel */,
			);
			currentVersion = 3E91F2671B287925008CAE52 /* SDOSTest.xcdatamodel */;
			path = SDOSTest.xcdatamodeld;
			sourceTree = "<group>";
			versionGroupType = wrapper.xcdatamodel;
		};
/* End XCVersionGroup section */
	};
	rootObject = 3E91F2571B287925008CAE52 /* Project object */;
}
