<?xml version="1.0" encoding="UTF-8"?>
<!DOCTYPE plist PUBLIC "-//Apple//DTD PLIST 1.0//EN" "http://www.apple.com/DTDs/PropertyList-1.0.dtd">
<plist version="1.0">
<dict>
	<key>archiveVersion</key>
	<string>1</string>
	<key>classes</key>
	<dict/>
	<key>objectVersion</key>
	<string>46</string>
	<key>objects</key>
	<dict>
		<key>0004B0924D09813AF818C5AB</key>
		<dict>
			<key>explicitFileType</key>
			<string>wrapper.framework</string>
			<key>includeInIndex</key>
			<string>0</string>
			<key>isa</key>
			<string>PBXFileReference</string>
			<key>path</key>
			<string>Pods_SDOSTest.framework</string>
			<key>sourceTree</key>
			<string>BUILT_PRODUCTS_DIR</string>
		</dict>
		<key>3E91F2561B287925008CAE52</key>
		<dict>
			<key>children</key>
			<array>
				<string>3E91F2611B287925008CAE52</string>
				<string>3E91F27C1B287925008CAE52</string>
				<string>3E91F2601B287925008CAE52</string>
				<string>6722E981752D5CEFD045B42C</string>
				<string>DE72D4423CACDA2CD6A98CA3</string>
			</array>
			<key>isa</key>
			<string>PBXGroup</string>
			<key>sourceTree</key>
			<string>&lt;group&gt;</string>
		</dict>
		<key>3E91F2571B287925008CAE52</key>
		<dict>
			<key>attributes</key>
			<dict>
				<key>LastUpgradeCheck</key>
				<string>0630</string>
				<key>ORGANIZATIONNAME</key>
				<string>FCD</string>
				<key>TargetAttributes</key>
				<dict>
					<key>3E91F25E1B287925008CAE52</key>
					<dict>
						<key>CreatedOnToolsVersion</key>
						<string>6.3.2</string>
					</dict>
					<key>3E91F2781B287925008CAE52</key>
					<dict>
						<key>CreatedOnToolsVersion</key>
						<string>6.3.2</string>
						<key>TestTargetID</key>
						<string>3E91F25E1B287925008CAE52</string>
					</dict>
				</dict>
			</dict>
			<key>buildConfigurationList</key>
			<string>3E91F25A1B287925008CAE52</string>
			<key>compatibilityVersion</key>
			<string>Xcode 3.2</string>
			<key>developmentRegion</key>
			<string>English</string>
			<key>hasScannedForEncodings</key>
			<string>0</string>
			<key>isa</key>
			<string>PBXProject</string>
			<key>knownRegions</key>
			<array>
				<string>en</string>
				<string>Base</string>
			</array>
			<key>mainGroup</key>
			<string>3E91F2561B287925008CAE52</string>
			<key>productRefGroup</key>
			<string>3E91F2601B287925008CAE52</string>
			<key>projectDirPath</key>
			<string></string>
			<key>projectReferences</key>
			<array/>
			<key>projectRoot</key>
			<string></string>
			<key>targets</key>
			<array>
				<string>3E91F25E1B287925008CAE52</string>
				<string>3E91F2781B287925008CAE52</string>
			</array>
		</dict>
		<key>3E91F25A1B287925008CAE52</key>
		<dict>
			<key>buildConfigurations</key>
			<array>
				<string>3E91F2811B287925008CAE52</string>
				<string>3E91F2821B287925008CAE52</string>
			</array>
			<key>defaultConfigurationIsVisible</key>
			<string>0</string>
			<key>defaultConfigurationName</key>
			<string>Release</string>
			<key>isa</key>
			<string>XCConfigurationList</string>
		</dict>
		<key>3E91F25B1B287925008CAE52</key>
		<dict>
			<key>buildActionMask</key>
			<string>2147483647</string>
			<key>files</key>
			<array>
				<string>3E91F2681B287925008CAE52</string>
				<string>3E91F2981B2895AC008CAE52</string>
				<string>3EDB16001B2B009E00D1605B</string>
				<string>3E91F2921B287A95008CAE52</string>
				<string>3E91F2A01B289C84008CAE52</string>
				<string>3EDB15D41B2AC48100D1605B</string>
				<string>3E91F2901B287A95008CAE52</string>
				<string>3EDB16061B2B487100D1605B</string>
				<string>3EDB16041B2B0B8300D1605B</string>
				<string>3E91F2911B287A95008CAE52</string>
				<string>3EDB15D61B2AC99000D1605B</string>
				<string>3EDB15F51B2AF32300D1605B</string>
				<string>3E91F2651B287925008CAE52</string>
				<string>3EDB15D21B29EDB500D1605B</string>
				<string>3EDB15E51B2ADC0C00D1605B</string>
				<string>3E91F26A1B287925008CAE52</string>
				<string>3E91F26C1B287925008CAE52</string>
				<string>3E9C69331B2906A20083BB9B</string>
				<string>3EDB15ED1B2AEF1C00D1605B</string>
			</array>
			<key>isa</key>
			<string>PBXSourcesBuildPhase</string>
			<key>runOnlyForDeploymentPostprocessing</key>
			<string>0</string>
		</dict>
		<key>3E91F25C1B287925008CAE52</key>
		<dict>
			<key>buildActionMask</key>
			<string>2147483647</string>
			<key>files</key>
			<array>
				<string>B7DEBCC2CC7C9A88057346E5</string>
			</array>
			<key>isa</key>
			<string>PBXFrameworksBuildPhase</string>
			<key>runOnlyForDeploymentPostprocessing</key>
			<string>0</string>
		</dict>
		<key>3E91F25D1B287925008CAE52</key>
		<dict>
			<key>buildActionMask</key>
			<string>2147483647</string>
			<key>files</key>
			<array>
				<string>3EDB15F61B2AF6C200D1605B</string>
				<string>3EDB15F71B2AF6C200D1605B</string>
				<string>3EDB15F81B2AF6C200D1605B</string>
				<string>3E91F2BD1B28A1CD008CAE52</string>
				<string>3E91F2C11B28A1CD008CAE52</string>
				<string>3E91F29E1B289745008CAE52</string>
				<string>3E91F2BF1B28A1CD008CAE52</string>
				<string>3E91F2B31B28A1CD008CAE52</string>
				<string>3E91F2BC1B28A1CD008CAE52</string>
				<string>3E91F2B91B28A1CD008CAE52</string>
				<string>3E91F26F1B287925008CAE52</string>
				<string>3E91F2BA1B28A1CD008CAE52</string>
				<string>3E91F2B81B28A1CD008CAE52</string>
				<string>3E91F2B41B28A1CD008CAE52</string>
				<string>3E91F2C21B28A1CD008CAE52</string>
				<string>3E91F28C1B287A42008CAE52</string>
				<string>3E91F2C01B28A1CD008CAE52</string>
				<string>3E9C693C1B29EC400083BB9B</string>
				<string>3E91F2B61B28A1CD008CAE52</string>
				<string>3E91F2B71B28A1CD008CAE52</string>
				<string>3E91F2BB1B28A1CD008CAE52</string>
				<string>3E91F2741B287925008CAE52</string>
				<string>3E91F2711B287925008CAE52</string>
				<string>3E91F2BE1B28A1CD008CAE52</string>
				<string>3E91F2B51B28A1CD008CAE52</string>
			</array>
			<key>isa</key>
			<string>PBXResourcesBuildPhase</string>
			<key>runOnlyForDeploymentPostprocessing</key>
			<string>0</string>
		</dict>
		<key>3E91F25E1B287925008CAE52</key>
		<dict>
			<key>buildConfigurationList</key>
			<string>3E91F2831B287925008CAE52</string>
			<key>buildPhases</key>
			<array>
				<string>E80C8203EA3046EEFD3081B2</string>
				<string>3E91F25B1B287925008CAE52</string>
				<string>3E91F25C1B287925008CAE52</string>
				<string>3E91F25D1B287925008CAE52</string>
				<string>D9F84D3E2F08C4EA0EE8AD74</string>
				<string>8A65A13B26FDF0D737665A95</string>
			</array>
			<key>buildRules</key>
			<array/>
			<key>dependencies</key>
			<array/>
			<key>isa</key>
			<string>PBXNativeTarget</string>
			<key>name</key>
			<string>SDOSTest</string>
			<key>productName</key>
			<string>SDOSTest</string>
			<key>productReference</key>
			<string>3E91F25F1B287925008CAE52</string>
			<key>productType</key>
			<string>com.apple.product-type.application</string>
		</dict>
		<key>3E91F25F1B287925008CAE52</key>
		<dict>
			<key>explicitFileType</key>
			<string>wrapper.application</string>
			<key>includeInIndex</key>
			<string>0</string>
			<key>isa</key>
			<string>PBXFileReference</string>
			<key>path</key>
			<string>SDOSTest.app</string>
			<key>sourceTree</key>
			<string>BUILT_PRODUCTS_DIR</string>
		</dict>
		<key>3E91F2601B287925008CAE52</key>
		<dict>
			<key>children</key>
			<array>
				<string>3E91F25F1B287925008CAE52</string>
				<string>3E91F2791B287925008CAE52</string>
			</array>
			<key>isa</key>
			<string>PBXGroup</string>
			<key>name</key>
			<string>Products</string>
			<key>sourceTree</key>
			<string>&lt;group&gt;</string>
		</dict>
		<key>3E91F2611B287925008CAE52</key>
		<dict>
			<key>children</key>
			<array>
				<string>3E91F2641B287925008CAE52</string>
				<string>3E91F29D1B289745008CAE52</string>
				<string>3E91F2C31B28AE0F008CAE52</string>
				<string>3E91F28A1B287A24008CAE52</string>
				<string>3E91F2891B287A1A008CAE52</string>
				<string>3E9C69341B29CB090083BB9B</string>
				<string>3E91F2621B287925008CAE52</string>
			</array>
			<key>isa</key>
			<string>PBXGroup</string>
			<key>path</key>
			<string>SDOSTest</string>
			<key>sourceTree</key>
			<string>&lt;group&gt;</string>
		</dict>
		<key>3E91F2621B287925008CAE52</key>
		<dict>
			<key>children</key>
			<array>
				<string>3E91F2631B287925008CAE52</string>
				<string>3EDB15D51B2AC99000D1605B</string>
			</array>
			<key>isa</key>
			<string>PBXGroup</string>
			<key>name</key>
			<string>Supporting Files</string>
			<key>path</key>
			<string>Supporting Files</string>
			<key>sourceTree</key>
			<string>&lt;group&gt;</string>
		</dict>
		<key>3E91F2631B287925008CAE52</key>
		<dict>
			<key>isa</key>
			<string>PBXFileReference</string>
			<key>lastKnownFileType</key>
			<string>text.plist.xml</string>
			<key>path</key>
			<string>Info.plist</string>
			<key>sourceTree</key>
			<string>&lt;group&gt;</string>
		</dict>
		<key>3E91F2641B287925008CAE52</key>
		<dict>
			<key>isa</key>
			<string>PBXFileReference</string>
			<key>lastKnownFileType</key>
			<string>sourcecode.swift</string>
			<key>path</key>
			<string>AppDelegate.swift</string>
			<key>sourceTree</key>
			<string>&lt;group&gt;</string>
		</dict>
		<key>3E91F2651B287925008CAE52</key>
		<dict>
			<key>fileRef</key>
			<string>3E91F2641B287925008CAE52</string>
			<key>isa</key>
			<string>PBXBuildFile</string>
		</dict>
		<key>3E91F2661B287925008CAE52</key>
		<dict>
			<key>children</key>
			<array>
				<string>3E91F2671B287925008CAE52</string>
			</array>
			<key>currentVersion</key>
			<string>3E91F2671B287925008CAE52</string>
			<key>isa</key>
			<string>XCVersionGroup</string>
			<key>path</key>
			<string>SDOSTest.xcdatamodeld</string>
			<key>sourceTree</key>
			<string>&lt;group&gt;</string>
			<key>versionGroupType</key>
			<string>wrapper.xcdatamodel</string>
		</dict>
		<key>3E91F2671B287925008CAE52</key>
		<dict>
			<key>isa</key>
			<string>PBXFileReference</string>
			<key>lastKnownFileType</key>
			<string>wrapper.xcdatamodel</string>
			<key>path</key>
			<string>SDOSTest.xcdatamodel</string>
			<key>sourceTree</key>
			<string>&lt;group&gt;</string>
		</dict>
		<key>3E91F2681B287925008CAE52</key>
		<dict>
			<key>fileRef</key>
			<string>3E91F2661B287925008CAE52</string>
			<key>isa</key>
			<string>PBXBuildFile</string>
		</dict>
		<key>3E91F2691B287925008CAE52</key>
		<dict>
			<key>isa</key>
			<string>PBXFileReference</string>
			<key>lastKnownFileType</key>
			<string>sourcecode.swift</string>
			<key>path</key>
			<string>TecnicoViewController.swift</string>
			<key>sourceTree</key>
			<string>&lt;group&gt;</string>
		</dict>
		<key>3E91F26A1B287925008CAE52</key>
		<dict>
			<key>fileRef</key>
			<string>3E91F2691B287925008CAE52</string>
			<key>isa</key>
			<string>PBXBuildFile</string>
		</dict>
		<key>3E91F26B1B287925008CAE52</key>
		<dict>
			<key>isa</key>
			<string>PBXFileReference</string>
			<key>lastKnownFileType</key>
			<string>sourcecode.swift</string>
			<key>path</key>
			<string>DetailViewController.swift</string>
			<key>sourceTree</key>
			<string>&lt;group&gt;</string>
		</dict>
		<key>3E91F26C1B287925008CAE52</key>
		<dict>
			<key>fileRef</key>
			<string>3E91F26B1B287925008CAE52</string>
			<key>isa</key>
			<string>PBXBuildFile</string>
		</dict>
		<key>3E91F26D1B287925008CAE52</key>
		<dict>
			<key>children</key>
			<array>
				<string>3E91F26E1B287925008CAE52</string>
			</array>
			<key>isa</key>
			<string>PBXVariantGroup</string>
			<key>name</key>
			<string>Tecnico.storyboard</string>
			<key>path</key>
			<string>.</string>
			<key>sourceTree</key>
			<string>&lt;group&gt;</string>
		</dict>
		<key>3E91F26E1B287925008CAE52</key>
		<dict>
			<key>isa</key>
			<string>PBXFileReference</string>
			<key>lastKnownFileType</key>
			<string>file.storyboard</string>
			<key>name</key>
			<string>Base</string>
			<key>path</key>
			<string>Base.lproj/Tecnico.storyboard</string>
			<key>sourceTree</key>
			<string>&lt;group&gt;</string>
		</dict>
		<key>3E91F26F1B287925008CAE52</key>
		<dict>
			<key>fileRef</key>
			<string>3E91F26D1B287925008CAE52</string>
			<key>isa</key>
			<string>PBXBuildFile</string>
		</dict>
		<key>3E91F2701B287925008CAE52</key>
		<dict>
			<key>isa</key>
			<string>PBXFileReference</string>
			<key>lastKnownFileType</key>
			<string>folder.assetcatalog</string>
			<key>path</key>
			<string>Images.xcassets</string>
			<key>sourceTree</key>
			<string>&lt;group&gt;</string>
		</dict>
		<key>3E91F2711B287925008CAE52</key>
		<dict>
			<key>fileRef</key>
			<string>3E91F2701B287925008CAE52</string>
			<key>isa</key>
			<string>PBXBuildFile</string>
		</dict>
		<key>3E91F2721B287925008CAE52</key>
		<dict>
			<key>children</key>
			<array>
				<string>3E91F2731B287925008CAE52</string>
			</array>
			<key>isa</key>
			<string>PBXVariantGroup</string>
			<key>name</key>
			<string>LaunchScreen.xib</string>
			<key>path</key>
			<string>.</string>
			<key>sourceTree</key>
			<string>&lt;group&gt;</string>
		</dict>
		<key>3E91F2731B287925008CAE52</key>
		<dict>
			<key>isa</key>
			<string>PBXFileReference</string>
			<key>lastKnownFileType</key>
			<string>file.xib</string>
			<key>name</key>
			<string>Base</string>
			<key>path</key>
			<string>Base.lproj/LaunchScreen.xib</string>
			<key>sourceTree</key>
			<string>&lt;group&gt;</string>
		</dict>
		<key>3E91F2741B287925008CAE52</key>
		<dict>
			<key>fileRef</key>
			<string>3E91F2721B287925008CAE52</string>
			<key>isa</key>
			<string>PBXBuildFile</string>
		</dict>
		<key>3E91F2751B287925008CAE52</key>
		<dict>
			<key>buildActionMask</key>
			<string>2147483647</string>
			<key>files</key>
			<array>
				<string>3E91F2801B287925008CAE52</string>
			</array>
			<key>isa</key>
			<string>PBXSourcesBuildPhase</string>
			<key>runOnlyForDeploymentPostprocessing</key>
			<string>0</string>
		</dict>
		<key>3E91F2761B287925008CAE52</key>
		<dict>
			<key>buildActionMask</key>
			<string>2147483647</string>
			<key>files</key>
			<array/>
			<key>isa</key>
			<string>PBXFrameworksBuildPhase</string>
			<key>runOnlyForDeploymentPostprocessing</key>
			<string>0</string>
		</dict>
		<key>3E91F2771B287925008CAE52</key>
		<dict>
			<key>buildActionMask</key>
			<string>2147483647</string>
			<key>files</key>
			<array/>
			<key>isa</key>
			<string>PBXResourcesBuildPhase</string>
			<key>runOnlyForDeploymentPostprocessing</key>
			<string>0</string>
		</dict>
		<key>3E91F2781B287925008CAE52</key>
		<dict>
			<key>buildConfigurationList</key>
			<string>3E91F2861B287925008CAE52</string>
			<key>buildPhases</key>
			<array>
				<string>3E91F2751B287925008CAE52</string>
				<string>3E91F2761B287925008CAE52</string>
				<string>3E91F2771B287925008CAE52</string>
			</array>
			<key>buildRules</key>
			<array/>
			<key>dependencies</key>
			<array>
				<string>3E91F27B1B287925008CAE52</string>
			</array>
			<key>isa</key>
			<string>PBXNativeTarget</string>
			<key>name</key>
			<string>SDOSTestTests</string>
			<key>productName</key>
			<string>SDOSTestTests</string>
			<key>productReference</key>
			<string>3E91F2791B287925008CAE52</string>
			<key>productType</key>
			<string>com.apple.product-type.bundle.unit-test</string>
		</dict>
		<key>3E91F2791B287925008CAE52</key>
		<dict>
			<key>explicitFileType</key>
			<string>wrapper.cfbundle</string>
			<key>includeInIndex</key>
			<string>0</string>
			<key>isa</key>
			<string>PBXFileReference</string>
			<key>path</key>
			<string>SDOSTestTests.xctest</string>
			<key>sourceTree</key>
			<string>BUILT_PRODUCTS_DIR</string>
		</dict>
		<key>3E91F27A1B287925008CAE52</key>
		<dict>
			<key>containerPortal</key>
			<string>3E91F2571B287925008CAE52</string>
			<key>isa</key>
			<string>PBXContainerItemProxy</string>
			<key>proxyType</key>
			<string>1</string>
			<key>remoteGlobalIDString</key>
			<string>3E91F25E1B287925008CAE52</string>
			<key>remoteInfo</key>
			<string>SDOSTest</string>
		</dict>
		<key>3E91F27B1B287925008CAE52</key>
		<dict>
			<key>isa</key>
			<string>PBXTargetDependency</string>
			<key>target</key>
			<string>3E91F25E1B287925008CAE52</string>
			<key>targetProxy</key>
			<string>3E91F27A1B287925008CAE52</string>
		</dict>
		<key>3E91F27C1B287925008CAE52</key>
		<dict>
			<key>children</key>
			<array>
				<string>3E91F27F1B287925008CAE52</string>
				<string>3E91F27D1B287925008CAE52</string>
			</array>
			<key>isa</key>
			<string>PBXGroup</string>
			<key>path</key>
			<string>SDOSTestTests</string>
			<key>sourceTree</key>
			<string>&lt;group&gt;</string>
		</dict>
		<key>3E91F27D1B287925008CAE52</key>
		<dict>
			<key>children</key>
			<array>
				<string>3E91F27E1B287925008CAE52</string>
			</array>
			<key>isa</key>
			<string>PBXGroup</string>
			<key>name</key>
			<string>Supporting Files</string>
			<key>path</key>
			<string>Supporting Files</string>
			<key>sourceTree</key>
			<string>&lt;group&gt;</string>
		</dict>
		<key>3E91F27E1B287925008CAE52</key>
		<dict>
			<key>isa</key>
			<string>PBXFileReference</string>
			<key>lastKnownFileType</key>
			<string>text.plist.xml</string>
			<key>path</key>
			<string>Info.plist</string>
			<key>sourceTree</key>
			<string>&lt;group&gt;</string>
		</dict>
		<key>3E91F27F1B287925008CAE52</key>
		<dict>
			<key>isa</key>
			<string>PBXFileReference</string>
			<key>lastKnownFileType</key>
			<string>sourcecode.swift</string>
			<key>path</key>
			<string>SDOSTestTests.swift</string>
			<key>sourceTree</key>
			<string>&lt;group&gt;</string>
		</dict>
		<key>3E91F2801B287925008CAE52</key>
		<dict>
			<key>fileRef</key>
			<string>3E91F27F1B287925008CAE52</string>
			<key>isa</key>
			<string>PBXBuildFile</string>
		</dict>
		<key>3E91F2811B287925008CAE52</key>
		<dict>
			<key>buildSettings</key>
			<dict>
				<key>ALWAYS_SEARCH_USER_PATHS</key>
				<string>NO</string>
				<key>CLANG_CXX_LANGUAGE_STANDARD</key>
				<string>gnu++0x</string>
				<key>CLANG_CXX_LIBRARY</key>
				<string>libc++</string>
				<key>CLANG_ENABLE_MODULES</key>
				<string>YES</string>
				<key>CLANG_ENABLE_OBJC_ARC</key>
				<string>YES</string>
				<key>CLANG_WARN_BOOL_CONVERSION</key>
				<string>YES</string>
				<key>CLANG_WARN_CONSTANT_CONVERSION</key>
				<string>YES</string>
				<key>CLANG_WARN_DIRECT_OBJC_ISA_USAGE</key>
				<string>YES_ERROR</string>
				<key>CLANG_WARN_EMPTY_BODY</key>
				<string>YES</string>
				<key>CLANG_WARN_ENUM_CONVERSION</key>
				<string>YES</string>
				<key>CLANG_WARN_INT_CONVERSION</key>
				<string>YES</string>
				<key>CLANG_WARN_OBJC_ROOT_CLASS</key>
				<string>YES_ERROR</string>
				<key>CLANG_WARN_UNREACHABLE_CODE</key>
				<string>YES</string>
				<key>CLANG_WARN__DUPLICATE_METHOD_MATCH</key>
				<string>YES</string>
				<key>CODE_SIGN_IDENTITY[sdk=iphoneos*]</key>
				<string>iPhone Developer</string>
				<key>COPY_PHASE_STRIP</key>
				<string>NO</string>
				<key>DEBUG_INFORMATION_FORMAT</key>
				<string>dwarf-with-dsym</string>
				<key>ENABLE_STRICT_OBJC_MSGSEND</key>
				<string>YES</string>
				<key>GCC_C_LANGUAGE_STANDARD</key>
				<string>gnu99</string>
				<key>GCC_DYNAMIC_NO_PIC</key>
				<string>NO</string>
				<key>GCC_NO_COMMON_BLOCKS</key>
				<string>YES</string>
				<key>GCC_OPTIMIZATION_LEVEL</key>
				<string>0</string>
				<key>GCC_PREPROCESSOR_DEFINITIONS</key>
				<array>
					<string>DEBUG=1</string>
					<string>$(inherited)</string>
				</array>
				<key>GCC_SYMBOLS_PRIVATE_EXTERN</key>
				<string>NO</string>
				<key>GCC_WARN_64_TO_32_BIT_CONVERSION</key>
				<string>YES</string>
				<key>GCC_WARN_ABOUT_RETURN_TYPE</key>
				<string>YES_ERROR</string>
				<key>GCC_WARN_UNDECLARED_SELECTOR</key>
				<string>YES</string>
				<key>GCC_WARN_UNINITIALIZED_AUTOS</key>
				<string>YES_AGGRESSIVE</string>
				<key>GCC_WARN_UNUSED_FUNCTION</key>
				<string>YES</string>
				<key>GCC_WARN_UNUSED_VARIABLE</key>
				<string>YES</string>
				<key>IPHONEOS_DEPLOYMENT_TARGET</key>
				<string>8.3</string>
				<key>MTL_ENABLE_DEBUG_INFO</key>
				<string>YES</string>
				<key>ONLY_ACTIVE_ARCH</key>
				<string>YES</string>
				<key>SDKROOT</key>
				<string>iphoneos</string>
				<key>SWIFT_OPTIMIZATION_LEVEL</key>
				<string>-Onone</string>
				<key>TARGETED_DEVICE_FAMILY</key>
				<string>1,2</string>
			</dict>
			<key>isa</key>
			<string>XCBuildConfiguration</string>
			<key>name</key>
			<string>Debug</string>
		</dict>
		<key>3E91F2821B287925008CAE52</key>
		<dict>
			<key>buildSettings</key>
			<dict>
				<key>ALWAYS_SEARCH_USER_PATHS</key>
				<string>NO</string>
				<key>CLANG_CXX_LANGUAGE_STANDARD</key>
				<string>gnu++0x</string>
				<key>CLANG_CXX_LIBRARY</key>
				<string>libc++</string>
				<key>CLANG_ENABLE_MODULES</key>
				<string>YES</string>
				<key>CLANG_ENABLE_OBJC_ARC</key>
				<string>YES</string>
				<key>CLANG_WARN_BOOL_CONVERSION</key>
				<string>YES</string>
				<key>CLANG_WARN_CONSTANT_CONVERSION</key>
				<string>YES</string>
				<key>CLANG_WARN_DIRECT_OBJC_ISA_USAGE</key>
				<string>YES_ERROR</string>
				<key>CLANG_WARN_EMPTY_BODY</key>
				<string>YES</string>
				<key>CLANG_WARN_ENUM_CONVERSION</key>
				<string>YES</string>
				<key>CLANG_WARN_INT_CONVERSION</key>
				<string>YES</string>
				<key>CLANG_WARN_OBJC_ROOT_CLASS</key>
				<string>YES_ERROR</string>
				<key>CLANG_WARN_UNREACHABLE_CODE</key>
				<string>YES</string>
				<key>CLANG_WARN__DUPLICATE_METHOD_MATCH</key>
				<string>YES</string>
				<key>CODE_SIGN_IDENTITY[sdk=iphoneos*]</key>
				<string>iPhone Developer</string>
				<key>COPY_PHASE_STRIP</key>
				<string>NO</string>
				<key>DEBUG_INFORMATION_FORMAT</key>
				<string>dwarf-with-dsym</string>
				<key>ENABLE_NS_ASSERTIONS</key>
				<string>NO</string>
				<key>ENABLE_STRICT_OBJC_MSGSEND</key>
				<string>YES</string>
				<key>GCC_C_LANGUAGE_STANDARD</key>
				<string>gnu99</string>
				<key>GCC_NO_COMMON_BLOCKS</key>
				<string>YES</string>
				<key>GCC_WARN_64_TO_32_BIT_CONVERSION</key>
				<string>YES</string>
				<key>GCC_WARN_ABOUT_RETURN_TYPE</key>
				<string>YES_ERROR</string>
				<key>GCC_WARN_UNDECLARED_SELECTOR</key>
				<string>YES</string>
				<key>GCC_WARN_UNINITIALIZED_AUTOS</key>
				<string>YES_AGGRESSIVE</string>
				<key>GCC_WARN_UNUSED_FUNCTION</key>
				<string>YES</string>
				<key>GCC_WARN_UNUSED_VARIABLE</key>
				<string>YES</string>
				<key>IPHONEOS_DEPLOYMENT_TARGET</key>
				<string>8.3</string>
				<key>MTL_ENABLE_DEBUG_INFO</key>
				<string>NO</string>
				<key>SDKROOT</key>
				<string>iphoneos</string>
				<key>TARGETED_DEVICE_FAMILY</key>
				<string>1,2</string>
				<key>VALIDATE_PRODUCT</key>
				<string>YES</string>
			</dict>
			<key>isa</key>
			<string>XCBuildConfiguration</string>
			<key>name</key>
			<string>Release</string>
		</dict>
		<key>3E91F2831B287925008CAE52</key>
		<dict>
			<key>buildConfigurations</key>
			<array>
				<string>3E91F2841B287925008CAE52</string>
				<string>3E91F2851B287925008CAE52</string>
			</array>
			<key>defaultConfigurationIsVisible</key>
			<string>0</string>
			<key>defaultConfigurationName</key>
			<string>Release</string>
			<key>isa</key>
			<string>XCConfigurationList</string>
		</dict>
		<key>3E91F2841B287925008CAE52</key>
		<dict>
			<key>baseConfigurationReference</key>
			<string>43E38D898C4DFAACE1BE90D1</string>
			<key>buildSettings</key>
			<dict>
				<key>ASSETCATALOG_COMPILER_APPICON_NAME</key>
				<string>AppIcon</string>
				<key>INFOPLIST_FILE</key>
				<string>SDOSTest/Supporting Files/Info.plist</string>
				<key>LD_RUNPATH_SEARCH_PATHS</key>
				<string>$(inherited) @executable_path/Frameworks</string>
				<key>PRODUCT_NAME</key>
				<string>$(TARGET_NAME)</string>
			</dict>
			<key>isa</key>
			<string>XCBuildConfiguration</string>
			<key>name</key>
			<string>Debug</string>
		</dict>
		<key>3E91F2851B287925008CAE52</key>
		<dict>
			<key>baseConfigurationReference</key>
			<string>CB46EE277E3791A0B02FA45E</string>
			<key>buildSettings</key>
			<dict>
				<key>ASSETCATALOG_COMPILER_APPICON_NAME</key>
				<string>AppIcon</string>
				<key>INFOPLIST_FILE</key>
				<string>SDOSTest/Supporting Files/Info.plist</string>
				<key>LD_RUNPATH_SEARCH_PATHS</key>
				<string>$(inherited) @executable_path/Frameworks</string>
				<key>PRODUCT_NAME</key>
				<string>$(TARGET_NAME)</string>
			</dict>
			<key>isa</key>
			<string>XCBuildConfiguration</string>
			<key>name</key>
			<string>Release</string>
		</dict>
		<key>3E91F2861B287925008CAE52</key>
		<dict>
			<key>buildConfigurations</key>
			<array>
				<string>3E91F2871B287925008CAE52</string>
				<string>3E91F2881B287925008CAE52</string>
			</array>
			<key>defaultConfigurationIsVisible</key>
			<string>0</string>
			<key>defaultConfigurationName</key>
			<string>Release</string>
			<key>isa</key>
			<string>XCConfigurationList</string>
		</dict>
		<key>3E91F2871B287925008CAE52</key>
		<dict>
			<key>buildSettings</key>
			<dict>
				<key>BUNDLE_LOADER</key>
				<string>$(TEST_HOST)</string>
				<key>FRAMEWORK_SEARCH_PATHS</key>
				<array>
					<string>$(SDKROOT)/Developer/Library/Frameworks</string>
					<string>$(inherited)</string>
				</array>
				<key>GCC_PREPROCESSOR_DEFINITIONS</key>
				<array>
					<string>DEBUG=1</string>
					<string>$(inherited)</string>
				</array>
				<key>INFOPLIST_FILE</key>
				<string>SDOSTestTests/Supporting Files/Info.plist</string>
				<key>LD_RUNPATH_SEARCH_PATHS</key>
				<string>$(inherited) @executable_path/Frameworks @loader_path/Frameworks</string>
				<key>PRODUCT_NAME</key>
				<string>$(TARGET_NAME)</string>
				<key>TEST_HOST</key>
				<string>$(BUILT_PRODUCTS_DIR)/SDOSTest.app/SDOSTest</string>
			</dict>
			<key>isa</key>
			<string>XCBuildConfiguration</string>
			<key>name</key>
			<string>Debug</string>
		</dict>
		<key>3E91F2881B287925008CAE52</key>
		<dict>
			<key>buildSettings</key>
			<dict>
				<key>BUNDLE_LOADER</key>
				<string>$(TEST_HOST)</string>
				<key>FRAMEWORK_SEARCH_PATHS</key>
				<array>
					<string>$(SDKROOT)/Developer/Library/Frameworks</string>
					<string>$(inherited)</string>
				</array>
				<key>INFOPLIST_FILE</key>
				<string>SDOSTestTests/Supporting Files/Info.plist</string>
				<key>LD_RUNPATH_SEARCH_PATHS</key>
				<string>$(inherited) @executable_path/Frameworks @loader_path/Frameworks</string>
				<key>PRODUCT_NAME</key>
				<string>$(TARGET_NAME)</string>
				<key>TEST_HOST</key>
				<string>$(BUILT_PRODUCTS_DIR)/SDOSTest.app/SDOSTest</string>
			</dict>
			<key>isa</key>
			<string>XCBuildConfiguration</string>
			<key>name</key>
			<string>Release</string>
		</dict>
		<key>3E91F2891B287A1A008CAE52</key>
		<dict>
			<key>children</key>
			<array>
				<string>3E91F29A1B2895D2008CAE52</string>
				<string>3E91F2931B287A9B008CAE52</string>
				<string>3E91F2991B2895C6008CAE52</string>
			</array>
			<key>isa</key>
			<string>PBXGroup</string>
			<key>name</key>
			<string>Controller</string>
			<key>path</key>
			<string>Controller</string>
			<key>sourceTree</key>
			<string>&lt;group&gt;</string>
		</dict>
		<key>3E91F28A1B287A24008CAE52</key>
		<dict>
			<key>children</key>
			<array>
				<string>3E91F2A11B28A1C2008CAE52</string>
				<string>3E91F28B1B287A42008CAE52</string>
				<string>3E91F26D1B287925008CAE52</string>
				<string>3E91F2701B287925008CAE52</string>
				<string>3E91F2721B287925008CAE52</string>
				<string>3E9C693B1B29EC400083BB9B</string>
			</array>
			<key>isa</key>
			<string>PBXGroup</string>
			<key>name</key>
			<string>View</string>
			<key>path</key>
			<string>View</string>
			<key>sourceTree</key>
			<string>&lt;group&gt;</string>
		</dict>
		<key>3E91F28B1B287A42008CAE52</key>
		<dict>
			<key>fileEncoding</key>
			<string>4</string>
			<key>isa</key>
			<string>PBXFileReference</string>
			<key>lastKnownFileType</key>
			<string>file.storyboard</string>
			<key>path</key>
			<string>Welcome.storyboard</string>
			<key>sourceTree</key>
			<string>&lt;group&gt;</string>
		</dict>
		<key>3E91F28C1B287A42008CAE52</key>
		<dict>
			<key>fileRef</key>
			<string>3E91F28B1B287A42008CAE52</string>
			<key>isa</key>
			<string>PBXBuildFile</string>
		</dict>
		<key>3E91F28D1B287A95008CAE52</key>
		<dict>
			<key>fileEncoding</key>
			<string>4</string>
			<key>isa</key>
			<string>PBXFileReference</string>
			<key>lastKnownFileType</key>
			<string>sourcecode.swift</string>
			<key>path</key>
			<string>HomeVC.swift</string>
			<key>sourceTree</key>
			<string>&lt;group&gt;</string>
		</dict>
		<key>3E91F28E1B287A95008CAE52</key>
		<dict>
			<key>fileEncoding</key>
			<string>4</string>
			<key>isa</key>
			<string>PBXFileReference</string>
			<key>lastKnownFileType</key>
			<string>sourcecode.swift</string>
			<key>path</key>
			<string>LoginVC.swift</string>
			<key>sourceTree</key>
			<string>&lt;group&gt;</string>
		</dict>
		<key>3E91F28F1B287A95008CAE52</key>
		<dict>
			<key>fileEncoding</key>
			<string>4</string>
			<key>isa</key>
			<string>PBXFileReference</string>
			<key>lastKnownFileType</key>
			<string>sourcecode.swift</string>
			<key>path</key>
			<string>SignupVC.swift</string>
			<key>sourceTree</key>
			<string>&lt;group&gt;</string>
		</dict>
		<key>3E91F2901B287A95008CAE52</key>
		<dict>
			<key>fileRef</key>
			<string>3E91F28D1B287A95008CAE52</string>
			<key>isa</key>
			<string>PBXBuildFile</string>
		</dict>
		<key>3E91F2911B287A95008CAE52</key>
		<dict>
			<key>fileRef</key>
			<string>3E91F28E1B287A95008CAE52</string>
			<key>isa</key>
			<string>PBXBuildFile</string>
		</dict>
		<key>3E91F2921B287A95008CAE52</key>
		<dict>
			<key>fileRef</key>
			<string>3E91F28F1B287A95008CAE52</string>
			<key>isa</key>
			<string>PBXBuildFile</string>
		</dict>
		<key>3E91F2931B287A9B008CAE52</key>
		<dict>
			<key>children</key>
			<array>
				<string>3E91F28D1B287A95008CAE52</string>
				<string>3E91F28E1B287A95008CAE52</string>
				<string>3E91F28F1B287A95008CAE52</string>
			</array>
			<key>isa</key>
			<string>PBXGroup</string>
			<key>name</key>
			<string>Welcome</string>
			<key>path</key>
			<string>Welcome</string>
			<key>sourceTree</key>
			<string>&lt;group&gt;</string>
		</dict>
		<key>3E91F2971B2895AC008CAE52</key>
		<dict>
			<key>fileEncoding</key>
			<string>4</string>
			<key>isa</key>
			<string>PBXFileReference</string>
			<key>lastKnownFileType</key>
			<string>sourcecode.swift</string>
			<key>path</key>
			<string>DataManager.swift</string>
			<key>sourceTree</key>
			<string>&lt;group&gt;</string>
		</dict>
		<key>3E91F2981B2895AC008CAE52</key>
		<dict>
			<key>fileRef</key>
			<string>3E91F2971B2895AC008CAE52</string>
			<key>isa</key>
			<string>PBXBuildFile</string>
		</dict>
		<key>3E91F2991B2895C6008CAE52</key>
		<dict>
			<key>children</key>
			<array>
				<string>3E91F2691B287925008CAE52</string>
				<string>3E91F26B1B287925008CAE52</string>
				<string>3EDB15D11B29EDB500D1605B</string>
			</array>
			<key>isa</key>
			<string>PBXGroup</string>
			<key>name</key>
			<string>UserScreen</string>
			<key>path</key>
			<string>UserScreen</string>
			<key>sourceTree</key>
			<string>&lt;group&gt;</string>
		</dict>
		<key>3E91F29A1B2895D2008CAE52</key>
		<dict>
			<key>children</key>
			<array>
				<string>3E91F29F1B289C84008CAE52</string>
				<string>3E91F2971B2895AC008CAE52</string>
				<string>3EDB15D31B2AC48100D1605B</string>
			</array>
			<key>isa</key>
			<string>PBXGroup</string>
			<key>name</key>
			<string>Provider</string>
			<key>path</key>
			<string>Provider</string>
			<key>sourceTree</key>
			<string>&lt;group&gt;</string>
		</dict>
		<key>3E91F29D1B289745008CAE52</key>
		<dict>
			<key>explicitFileType</key>
			<string>text.json</string>
			<key>fileEncoding</key>
			<string>4</string>
			<key>isa</key>
			<string>PBXFileReference</string>
			<key>path</key>
			<string>usersdata.json</string>
			<key>sourceTree</key>
			<string>&lt;group&gt;</string>
		</dict>
		<key>3E91F29E1B289745008CAE52</key>
		<dict>
			<key>fileRef</key>
			<string>3E91F29D1B289745008CAE52</string>
			<key>isa</key>
			<string>PBXBuildFile</string>
		</dict>
		<key>3E91F29F1B289C84008CAE52</key>
		<dict>
			<key>fileEncoding</key>
			<string>4</string>
			<key>isa</key>
			<string>PBXFileReference</string>
			<key>lastKnownFileType</key>
			<string>sourcecode.swift</string>
			<key>path</key>
			<string>GearLoading.swift</string>
			<key>sourceTree</key>
			<string>&lt;group&gt;</string>
		</dict>
		<key>3E91F2A01B289C84008CAE52</key>
		<dict>
			<key>fileRef</key>
			<string>3E91F29F1B289C84008CAE52</string>
			<key>isa</key>
			<string>PBXBuildFile</string>
		</dict>
		<key>3E91F2A11B28A1C2008CAE52</key>
		<dict>
			<key>children</key>
			<array>
				<string>3E91F2A21B28A1CC008CAE52</string>
				<string>3E91F2A31B28A1CC008CAE52</string>
				<string>3E91F2A51B28A1CC008CAE52</string>
				<string>3E91F2A61B28A1CC008CAE52</string>
				<string>3E91F2A71B28A1CC008CAE52</string>
				<string>3E91F2A81B28A1CC008CAE52</string>
				<string>3E91F2A91B28A1CC008CAE52</string>
				<string>3E91F2AA1B28A1CC008CAE52</string>
				<string>3E91F2AB1B28A1CC008CAE52</string>
				<string>3E91F2AC1B28A1CC008CAE52</string>
				<string>3E91F2AD1B28A1CC008CAE52</string>
				<string>3E91F2AE1B28A1CC008CAE52</string>
				<string>3E91F2AF1B28A1CC008CAE52</string>
				<string>3E91F2B01B28A1CC008CAE52</string>
				<string>3E91F2B11B28A1CC008CAE52</string>
				<string>3E91F2B21B28A1CC008CAE52</string>
			</array>
			<key>isa</key>
			<string>PBXGroup</string>
			<key>name</key>
			<string>Images</string>
			<key>path</key>
			<string>Images</string>
			<key>sourceTree</key>
			<string>&lt;group&gt;</string>
		</dict>
		<key>3E91F2A21B28A1CC008CAE52</key>
		<dict>
			<key>isa</key>
			<string>PBXFileReference</string>
			<key>lastKnownFileType</key>
			<string>image.png</string>
			<key>name</key>
			<string>background.png</string>
			<key>path</key>
			<string>../../../../../../../iOs/Spinner-master/Spinner/background.png</string>
			<key>sourceTree</key>
			<string>&lt;group&gt;</string>
		</dict>
		<key>3E91F2A31B28A1CC008CAE52</key>
		<dict>
			<key>children</key>
			<array>
				<string>3E91F2A41B28A1CC008CAE52</string>
			</array>
			<key>isa</key>
			<string>PBXVariantGroup</string>
			<key>name</key>
			<string>background@2x.png</string>
			<key>path</key>
			<string>.</string>
			<key>sourceTree</key>
			<string>&lt;group&gt;</string>
		</dict>
		<key>3E91F2A41B28A1CC008CAE52</key>
		<dict>
			<key>isa</key>
			<string>PBXFileReference</string>
			<key>lastKnownFileType</key>
			<string>image.png</string>
			<key>name</key>
			<string>Base</string>
			<key>path</key>
			<string>../../../../../../../iOs/Spinner-master/Spinner/Base.lproj/background@2x.png</string>
			<key>sourceTree</key>
			<string>&lt;group&gt;</string>
		</dict>
		<key>3E91F2A51B28A1CC008CAE52</key>
		<dict>
			<key>isa</key>
			<string>PBXFileReference</string>
			<key>lastKnownFileType</key>
			<string>image.png</string>
			<key>name</key>
			<string>background@3x.png</string>
			<key>path</key>
			<string>../../../../../../../iOs/Spinner-master/Spinner/background@3x.png</string>
			<key>sourceTree</key>
			<string>&lt;group&gt;</string>
		</dict>
		<key>3E91F2A61B28A1CC008CAE52</key>
		<dict>
			<key>isa</key>
			<string>PBXFileReference</string>
			<key>lastKnownFileType</key>
			<string>image.png</string>
			<key>name</key>
			<string>gears 1.png</string>
			<key>path</key>
			<string>../../../../../../../iOs/Spinner-master/Spinner/gears 1.png</string>
			<key>sourceTree</key>
			<string>&lt;group&gt;</string>
		</dict>
		<key>3E91F2A71B28A1CC008CAE52</key>
		<dict>
			<key>isa</key>
			<string>PBXFileReference</string>
			<key>lastKnownFileType</key>
			<string>image.png</string>
			<key>name</key>
			<string>gears 1@2x.png</string>
			<key>path</key>
			<string>../../../../../../../iOs/Spinner-master/Spinner/gears 1@2x.png</string>
			<key>sourceTree</key>
			<string>&lt;group&gt;</string>
		</dict>
		<key>3E91F2A81B28A1CC008CAE52</key>
		<dict>
			<key>isa</key>
			<string>PBXFileReference</string>
			<key>lastKnownFileType</key>
			<string>image.png</string>
			<key>name</key>
			<string>gears 1@3x.png</string>
			<key>path</key>
			<string>../../../../../../../iOs/Spinner-master/Spinner/gears 1@3x.png</string>
			<key>sourceTree</key>
			<string>&lt;group&gt;</string>
		</dict>
		<key>3E91F2A91B28A1CC008CAE52</key>
		<dict>
			<key>isa</key>
			<string>PBXFileReference</string>
			<key>lastKnownFileType</key>
			<string>image.png</string>
			<key>name</key>
			<string>gears 2.png</string>
			<key>path</key>
			<string>../../../../../../../iOs/Spinner-master/Spinner/gears 2.png</string>
			<key>sourceTree</key>
			<string>&lt;group&gt;</string>
		</dict>
		<key>3E91F2AA1B28A1CC008CAE52</key>
		<dict>
			<key>isa</key>
			<string>PBXFileReference</string>
			<key>lastKnownFileType</key>
			<string>image.png</string>
			<key>name</key>
			<string>gears 2@2x.png</string>
			<key>path</key>
			<string>../../../../../../../iOs/Spinner-master/Spinner/gears 2@2x.png</string>
			<key>sourceTree</key>
			<string>&lt;group&gt;</string>
		</dict>
		<key>3E91F2AB1B28A1CC008CAE52</key>
		<dict>
			<key>isa</key>
			<string>PBXFileReference</string>
			<key>lastKnownFileType</key>
			<string>image.png</string>
			<key>name</key>
			<string>gears 2@3x.png</string>
			<key>path</key>
			<string>../../../../../../../iOs/Spinner-master/Spinner/gears 2@3x.png</string>
			<key>sourceTree</key>
			<string>&lt;group&gt;</string>
		</dict>
		<key>3E91F2AC1B28A1CC008CAE52</key>
		<dict>
			<key>isa</key>
			<string>PBXFileReference</string>
			<key>lastKnownFileType</key>
			<string>image.png</string>
			<key>name</key>
			<string>gears 3.png</string>
			<key>path</key>
			<string>../../../../../../../iOs/Spinner-master/Spinner/gears 3.png</string>
			<key>sourceTree</key>
			<string>&lt;group&gt;</string>
		</dict>
		<key>3E91F2AD1B28A1CC008CAE52</key>
		<dict>
			<key>isa</key>
			<string>PBXFileReference</string>
			<key>lastKnownFileType</key>
			<string>image.png</string>
			<key>name</key>
			<string>gears 3@2x.png</string>
			<key>path</key>
			<string>../../../../../../../iOs/Spinner-master/Spinner/gears 3@2x.png</string>
			<key>sourceTree</key>
			<string>&lt;group&gt;</string>
		</dict>
		<key>3E91F2AE1B28A1CC008CAE52</key>
		<dict>
			<key>isa</key>
			<string>PBXFileReference</string>
			<key>lastKnownFileType</key>
			<string>image.png</string>
			<key>name</key>
			<string>gears 3@3x.png</string>
			<key>path</key>
			<string>../../../../../../../iOs/Spinner-master/Spinner/gears 3@3x.png</string>
			<key>sourceTree</key>
			<string>&lt;group&gt;</string>
		</dict>
		<key>3E91F2AF1B28A1CC008CAE52</key>
		<dict>
			<key>isa</key>
			<string>PBXFileReference</string>
			<key>lastKnownFileType</key>
			<string>image.png</string>
			<key>name</key>
			<string>imgDemo.png</string>
			<key>path</key>
			<string>../../../../../../../iOs/Spinner-master/Spinner/imgDemo.png</string>
			<key>sourceTree</key>
			<string>&lt;group&gt;</string>
		</dict>
		<key>3E91F2B01B28A1CC008CAE52</key>
		<dict>
			<key>isa</key>
			<string>PBXFileReference</string>
			<key>lastKnownFileType</key>
			<string>image.png</string>
			<key>name</key>
			<string>Layer 1.png</string>
			<key>path</key>
			<string>../../../../../../../iOs/Spinner-master/Spinner/Layer 1.png</string>
			<key>sourceTree</key>
			<string>&lt;group&gt;</string>
		</dict>
		<key>3E91F2B11B28A1CC008CAE52</key>
		<dict>
			<key>isa</key>
			<string>PBXFileReference</string>
			<key>lastKnownFileType</key>
			<string>image.png</string>
			<key>name</key>
			<string>Layer 1@2x.png</string>
			<key>path</key>
			<string>../../../../../../../iOs/Spinner-master/Spinner/Layer 1@2x.png</string>
			<key>sourceTree</key>
			<string>&lt;group&gt;</string>
		</dict>
		<key>3E91F2B21B28A1CC008CAE52</key>
		<dict>
			<key>isa</key>
			<string>PBXFileReference</string>
			<key>lastKnownFileType</key>
			<string>image.png</string>
			<key>name</key>
			<string>Layer 1@3x.png</string>
			<key>path</key>
			<string>../../../../../../../iOs/Spinner-master/Spinner/Layer 1@3x.png</string>
			<key>sourceTree</key>
			<string>&lt;group&gt;</string>
		</dict>
		<key>3E91F2B31B28A1CD008CAE52</key>
		<dict>
			<key>fileRef</key>
			<string>3E91F2A21B28A1CC008CAE52</string>
			<key>isa</key>
			<string>PBXBuildFile</string>
		</dict>
		<key>3E91F2B41B28A1CD008CAE52</key>
		<dict>
			<key>fileRef</key>
			<string>3E91F2A31B28A1CC008CAE52</string>
			<key>isa</key>
			<string>PBXBuildFile</string>
		</dict>
		<key>3E91F2B51B28A1CD008CAE52</key>
		<dict>
			<key>fileRef</key>
			<string>3E91F2A51B28A1CC008CAE52</string>
			<key>isa</key>
			<string>PBXBuildFile</string>
		</dict>
		<key>3E91F2B61B28A1CD008CAE52</key>
		<dict>
			<key>fileRef</key>
			<string>3E91F2A61B28A1CC008CAE52</string>
			<key>isa</key>
			<string>PBXBuildFile</string>
		</dict>
		<key>3E91F2B71B28A1CD008CAE52</key>
		<dict>
			<key>fileRef</key>
			<string>3E91F2A71B28A1CC008CAE52</string>
			<key>isa</key>
			<string>PBXBuildFile</string>
		</dict>
		<key>3E91F2B81B28A1CD008CAE52</key>
		<dict>
			<key>fileRef</key>
			<string>3E91F2A81B28A1CC008CAE52</string>
			<key>isa</key>
			<string>PBXBuildFile</string>
		</dict>
		<key>3E91F2B91B28A1CD008CAE52</key>
		<dict>
			<key>fileRef</key>
			<string>3E91F2A91B28A1CC008CAE52</string>
			<key>isa</key>
			<string>PBXBuildFile</string>
		</dict>
		<key>3E91F2BA1B28A1CD008CAE52</key>
		<dict>
			<key>fileRef</key>
			<string>3E91F2AA1B28A1CC008CAE52</string>
			<key>isa</key>
			<string>PBXBuildFile</string>
		</dict>
		<key>3E91F2BB1B28A1CD008CAE52</key>
		<dict>
			<key>fileRef</key>
			<string>3E91F2AB1B28A1CC008CAE52</string>
			<key>isa</key>
			<string>PBXBuildFile</string>
		</dict>
		<key>3E91F2BC1B28A1CD008CAE52</key>
		<dict>
			<key>fileRef</key>
			<string>3E91F2AC1B28A1CC008CAE52</string>
			<key>isa</key>
			<string>PBXBuildFile</string>
		</dict>
		<key>3E91F2BD1B28A1CD008CAE52</key>
		<dict>
			<key>fileRef</key>
			<string>3E91F2AD1B28A1CC008CAE52</string>
			<key>isa</key>
			<string>PBXBuildFile</string>
		</dict>
		<key>3E91F2BE1B28A1CD008CAE52</key>
		<dict>
			<key>fileRef</key>
			<string>3E91F2AE1B28A1CC008CAE52</string>
			<key>isa</key>
			<string>PBXBuildFile</string>
		</dict>
		<key>3E91F2BF1B28A1CD008CAE52</key>
		<dict>
			<key>fileRef</key>
			<string>3E91F2AF1B28A1CC008CAE52</string>
			<key>isa</key>
			<string>PBXBuildFile</string>
		</dict>
		<key>3E91F2C01B28A1CD008CAE52</key>
		<dict>
			<key>fileRef</key>
			<string>3E91F2B01B28A1CC008CAE52</string>
			<key>isa</key>
			<string>PBXBuildFile</string>
		</dict>
		<key>3E91F2C11B28A1CD008CAE52</key>
		<dict>
			<key>fileRef</key>
			<string>3E91F2B11B28A1CC008CAE52</string>
			<key>isa</key>
			<string>PBXBuildFile</string>
		</dict>
		<key>3E91F2C21B28A1CD008CAE52</key>
		<dict>
			<key>fileRef</key>
			<string>3E91F2B21B28A1CC008CAE52</string>
			<key>isa</key>
			<string>PBXBuildFile</string>
		</dict>
		<key>3E91F2C31B28AE0F008CAE52</key>
		<dict>
			<key>children</key>
			<array>
				<string>3EDB16051B2B487100D1605B</string>
				<string>3EDB16031B2B0B8300D1605B</string>
				<string>3EDB15FF1B2B009E00D1605B</string>
				<string>3E9C69321B2906A20083BB9B</string>
				<string>3E91F2661B287925008CAE52</string>
			</array>
			<key>isa</key>
			<string>PBXGroup</string>
			<key>name</key>
			<string>Model</string>
			<key>path</key>
			<string>Model</string>
			<key>sourceTree</key>
			<string>&lt;group&gt;</string>
		</dict>
		<key>3E9C69321B2906A20083BB9B</key>
		<dict>
			<key>fileEncoding</key>
			<string>4</string>
			<key>isa</key>
			<string>PBXFileReference</string>
			<key>lastKnownFileType</key>
			<string>sourcecode.swift</string>
			<key>name</key>
			<string>UsuarioAux.swift</string>
			<key>path</key>
			<string>UsuarioAux.swift</string>
			<key>sourceTree</key>
			<string>&lt;group&gt;</string>
		</dict>
		<key>3E9C69331B2906A20083BB9B</key>
		<dict>
			<key>fileRef</key>
			<string>3E9C69321B2906A20083BB9B</string>
			<key>isa</key>
			<string>PBXBuildFile</string>
		</dict>
		<key>3E9C69341B29CB090083BB9B</key>
		<dict>
			<key>children</key>
			<array>
				<string>3EDB15E31B2ADAF200D1605B</string>
				<string>3E9C69381B29CB200083BB9B</string>
			</array>
			<key>isa</key>
			<string>PBXGroup</string>
			<key>name</key>
			<string>Resources</string>
			<key>path</key>
			<string>Resources</string>
			<key>sourceTree</key>
			<string>&lt;group&gt;</string>
		</dict>
		<key>3E9C69351B29CB190083BB9B</key>
		<dict>
			<key>isa</key>
			<string>PBXFileReference</string>
			<key>lastKnownFileType</key>
			<string>file</string>
			<key>name</key>
			<string>Alternate Gothic No2 BT.ttf</string>
			<key>path</key>
			<string>../../../../../../../Desktop/InvierteMe/Klifikv1/iOS/trunk 2/trunk/Klifik/Resources/Fonts/Alternate Gothic No2 BT.ttf</string>
			<key>sourceTree</key>
			<string>&lt;group&gt;</string>
		</dict>
		<key>3E9C69361B29CB190083BB9B</key>
		<dict>
			<key>isa</key>
			<string>PBXFileReference</string>
			<key>lastKnownFileType</key>
			<string>file</string>
			<key>name</key>
			<string>HelveticaNeueLTStd-Bd.otf</string>
			<key>path</key>
			<string>../../../../../../../Desktop/InvierteMe/Klifikv1/iOS/trunk 2/trunk/Klifik/Resources/Fonts/HelveticaNeueLTStd-Bd.otf</string>
			<key>sourceTree</key>
			<string>&lt;group&gt;</string>
		</dict>
		<key>3E9C69371B29CB190083BB9B</key>
		<dict>
			<key>isa</key>
			<string>PBXFileReference</string>
			<key>lastKnownFileType</key>
			<string>file</string>
			<key>name</key>
			<string>HelveticaNeueLTStd-Lt.otf</string>
			<key>path</key>
			<string>../../../../../../../Desktop/InvierteMe/Klifikv1/iOS/trunk 2/trunk/Klifik/Resources/Fonts/HelveticaNeueLTStd-Lt.otf</string>
			<key>sourceTree</key>
			<string>&lt;group&gt;</string>
		</dict>
		<key>3E9C69381B29CB200083BB9B</key>
		<dict>
			<key>children</key>
			<array>
				<string>3E9C69351B29CB190083BB9B</string>
				<string>3E9C69361B29CB190083BB9B</string>
				<string>3E9C69371B29CB190083BB9B</string>
			</array>
			<key>isa</key>
			<string>PBXGroup</string>
			<key>name</key>
			<string>Fonts</string>
			<key>path</key>
			<string>Fonts</string>
			<key>sourceTree</key>
			<string>&lt;group&gt;</string>
		</dict>
		<key>3E9C693B1B29EC400083BB9B</key>
		<dict>
			<key>fileEncoding</key>
			<string>4</string>
			<key>isa</key>
			<string>PBXFileReference</string>
			<key>lastKnownFileType</key>
			<string>file.storyboard</string>
			<key>path</key>
			<string>Administrador.storyboard</string>
			<key>sourceTree</key>
			<string>&lt;group&gt;</string>
		</dict>
		<key>3E9C693C1B29EC400083BB9B</key>
		<dict>
			<key>fileRef</key>
			<string>3E9C693B1B29EC400083BB9B</string>
			<key>isa</key>
			<string>PBXBuildFile</string>
		</dict>
		<key>3EDB15D11B29EDB500D1605B</key>
		<dict>
			<key>fileEncoding</key>
			<string>4</string>
			<key>isa</key>
			<string>PBXFileReference</string>
			<key>lastKnownFileType</key>
			<string>sourcecode.swift</string>
			<key>path</key>
			<string>AdministradorViewController.swift</string>
			<key>sourceTree</key>
			<string>&lt;group&gt;</string>
		</dict>
		<key>3EDB15D21B29EDB500D1605B</key>
		<dict>
			<key>fileRef</key>
			<string>3EDB15D11B29EDB500D1605B</string>
			<key>isa</key>
			<string>PBXBuildFile</string>
		</dict>
		<key>3EDB15D31B2AC48100D1605B</key>
		<dict>
			<key>fileEncoding</key>
			<string>4</string>
			<key>isa</key>
			<string>PBXFileReference</string>
			<key>lastKnownFileType</key>
			<string>sourcecode.swift</string>
			<key>path</key>
			<string>SDOSCoreDataStack.swift</string>
			<key>sourceTree</key>
			<string>&lt;group&gt;</string>
		</dict>
		<key>3EDB15D41B2AC48100D1605B</key>
		<dict>
			<key>fileRef</key>
			<string>3EDB15D31B2AC48100D1605B</string>
			<key>isa</key>
			<string>PBXBuildFile</string>
		</dict>
		<key>3EDB15D51B2AC99000D1605B</key>
		<dict>
			<key>fileEncoding</key>
			<string>4</string>
			<key>isa</key>
			<string>PBXFileReference</string>
			<key>lastKnownFileType</key>
			<string>sourcecode.swift</string>
			<key>path</key>
			<string>Constants.swift</string>
			<key>sourceTree</key>
			<string>&lt;group&gt;</string>
		</dict>
		<key>3EDB15D61B2AC99000D1605B</key>
		<dict>
			<key>fileRef</key>
			<string>3EDB15D51B2AC99000D1605B</string>
			<key>isa</key>
			<string>PBXBuildFile</string>
		</dict>
		<key>3EDB15E31B2ADAF200D1605B</key>
		<dict>
			<key>children</key>
			<array>
				<string>3EDB15E41B2ADC0C00D1605B</string>
				<string>3EDB15EC1B2AEF1C00D1605B</string>
				<string>3EDB15F41B2AF32300D1605B</string>
			</array>
			<key>isa</key>
			<string>PBXGroup</string>
			<key>name</key>
			<string>Categories</string>
			<key>path</key>
			<string>Categories</string>
			<key>sourceTree</key>
			<string>&lt;group&gt;</string>
		</dict>
		<key>3EDB15E41B2ADC0C00D1605B</key>
		<dict>
			<key>fileEncoding</key>
			<string>4</string>
			<key>isa</key>
			<string>PBXFileReference</string>
			<key>lastKnownFileType</key>
			<string>sourcecode.swift</string>
			<key>path</key>
			<string>UserMethods.swift</string>
			<key>sourceTree</key>
			<string>&lt;group&gt;</string>
		</dict>
		<key>3EDB15E51B2ADC0C00D1605B</key>
		<dict>
			<key>fileRef</key>
			<string>3EDB15E41B2ADC0C00D1605B</string>
			<key>isa</key>
			<string>PBXBuildFile</string>
		</dict>
		<key>3EDB15EC1B2AEF1C00D1605B</key>
		<dict>
			<key>fileEncoding</key>
			<string>4</string>
			<key>isa</key>
			<string>PBXFileReference</string>
			<key>lastKnownFileType</key>
			<string>sourcecode.swift</string>
			<key>path</key>
			<string>TaskMethods.swift</string>
			<key>sourceTree</key>
			<string>&lt;group&gt;</string>
		</dict>
		<key>3EDB15ED1B2AEF1C00D1605B</key>
		<dict>
			<key>fileRef</key>
			<string>3EDB15EC1B2AEF1C00D1605B</string>
			<key>isa</key>
			<string>PBXBuildFile</string>
		</dict>
		<key>3EDB15F41B2AF32300D1605B</key>
		<dict>
			<key>fileEncoding</key>
			<string>4</string>
			<key>isa</key>
			<string>PBXFileReference</string>
			<key>lastKnownFileType</key>
			<string>sourcecode.swift</string>
			<key>path</key>
			<string>TypeTaskMethods.swift</string>
			<key>sourceTree</key>
			<string>&lt;group&gt;</string>
		</dict>
		<key>3EDB15F51B2AF32300D1605B</key>
		<dict>
			<key>fileRef</key>
			<string>3EDB15F41B2AF32300D1605B</string>
			<key>isa</key>
			<string>PBXBuildFile</string>
		</dict>
		<key>3EDB15F61B2AF6C200D1605B</key>
		<dict>
			<key>fileRef</key>
			<string>3E9C69351B29CB190083BB9B</string>
			<key>isa</key>
			<string>PBXBuildFile</string>
		</dict>
		<key>3EDB15F71B2AF6C200D1605B</key>
		<dict>
			<key>fileRef</key>
			<string>3E9C69361B29CB190083BB9B</string>
			<key>isa</key>
			<string>PBXBuildFile</string>
		</dict>
		<key>3EDB15F81B2AF6C200D1605B</key>
		<dict>
			<key>fileRef</key>
			<string>3E9C69371B29CB190083BB9B</string>
			<key>isa</key>
			<string>PBXBuildFile</string>
		</dict>
		<key>3EDB15FF1B2B009E00D1605B</key>
		<dict>
			<key>fileEncoding</key>
			<string>4</string>
			<key>isa</key>
			<string>PBXFileReference</string>
			<key>lastKnownFileType</key>
			<string>sourcecode.swift</string>
			<key>path</key>
			<string>TypeTask.swift</string>
			<key>sourceTree</key>
			<string>&lt;group&gt;</string>
		</dict>
		<key>3EDB16001B2B009E00D1605B</key>
		<dict>
			<key>fileRef</key>
			<string>3EDB15FF1B2B009E00D1605B</string>
			<key>isa</key>
			<string>PBXBuildFile</string>
		</dict>
		<key>3EDB16031B2B0B8300D1605B</key>
		<dict>
			<key>fileEncoding</key>
			<string>4</string>
			<key>isa</key>
			<string>PBXFileReference</string>
			<key>lastKnownFileType</key>
			<string>sourcecode.swift</string>
			<key>path</key>
			<string>Usuario.swift</string>
			<key>sourceTree</key>
			<string>&lt;group&gt;</string>
		</dict>
		<key>3EDB16041B2B0B8300D1605B</key>
		<dict>
			<key>fileRef</key>
			<string>3EDB16031B2B0B8300D1605B</string>
			<key>isa</key>
			<string>PBXBuildFile</string>
		</dict>
		<key>3EDB16051B2B487100D1605B</key>
		<dict>
			<key>fileEncoding</key>
			<string>4</string>
			<key>isa</key>
			<string>PBXFileReference</string>
			<key>lastKnownFileType</key>
			<string>sourcecode.swift</string>
			<key>path</key>
			<string>Task.swift</string>
			<key>sourceTree</key>
			<string>&lt;group&gt;</string>
		</dict>
		<key>3EDB16061B2B487100D1605B</key>
		<dict>
			<key>fileRef</key>
			<string>3EDB16051B2B487100D1605B</string>
			<key>isa</key>
			<string>PBXBuildFile</string>
		</dict>
		<key>43E38D898C4DFAACE1BE90D1</key>
		<dict>
			<key>includeInIndex</key>
			<string>1</string>
			<key>isa</key>
			<string>PBXFileReference</string>
			<key>lastKnownFileType</key>
			<string>text.xcconfig</string>
			<key>name</key>
			<string>Pods-SDOSTest.debug.xcconfig</string>
			<key>path</key>
			<string>Pods/Target Support Files/Pods-SDOSTest/Pods-SDOSTest.debug.xcconfig</string>
			<key>sourceTree</key>
			<string>&lt;group&gt;</string>
		</dict>
		<key>6722E981752D5CEFD045B42C</key>
		<dict>
			<key>children</key>
			<array>
				<string>43E38D898C4DFAACE1BE90D1</string>
				<string>CB46EE277E3791A0B02FA45E</string>
			</array>
			<key>isa</key>
			<string>PBXGroup</string>
			<key>name</key>
			<string>Pods</string>
			<key>sourceTree</key>
			<string>&lt;group&gt;</string>
		</dict>
		<key>8A65A13B26FDF0D737665A95</key>
		<dict>
			<key>buildActionMask</key>
			<string>2147483647</string>
			<key>files</key>
			<array/>
			<key>inputPaths</key>
			<array/>
			<key>isa</key>
			<string>PBXShellScriptBuildPhase</string>
			<key>name</key>
			<string>Copy Pods Resources</string>
			<key>outputPaths</key>
			<array/>
			<key>runOnlyForDeploymentPostprocessing</key>
			<string>0</string>
			<key>shellPath</key>
			<string>/bin/sh</string>
			<key>shellScript</key>
			<string>"${SRCROOT}/Pods/Target Support Files/Pods-SDOSTest/Pods-SDOSTest-resources.sh"
</string>
			<key>showEnvVarsInLog</key>
			<string>0</string>
		</dict>
		<key>B7DEBCC2CC7C9A88057346E5</key>
		<dict>
			<key>fileRef</key>
			<string>0004B0924D09813AF818C5AB</string>
			<key>isa</key>
			<string>PBXBuildFile</string>
			<key>settings</key>
			<dict>
				<key>ATTRIBUTES</key>
				<array>
					<string>Weak</string>
				</array>
			</dict>
		</dict>
		<key>CB46EE277E3791A0B02FA45E</key>
		<dict>
			<key>includeInIndex</key>
			<string>1</string>
			<key>isa</key>
			<string>PBXFileReference</string>
			<key>lastKnownFileType</key>
			<string>text.xcconfig</string>
			<key>name</key>
			<string>Pods-SDOSTest.release.xcconfig</string>
			<key>path</key>
			<string>Pods/Target Support Files/Pods-SDOSTest/Pods-SDOSTest.release.xcconfig</string>
			<key>sourceTree</key>
			<string>&lt;group&gt;</string>
		</dict>
		<key>D9F84D3E2F08C4EA0EE8AD74</key>
		<dict>
			<key>buildActionMask</key>
			<string>2147483647</string>
			<key>files</key>
			<array/>
			<key>inputPaths</key>
			<array/>
			<key>isa</key>
			<string>PBXShellScriptBuildPhase</string>
			<key>name</key>
			<string>Embed Pods Frameworks</string>
			<key>outputPaths</key>
			<array/>
			<key>runOnlyForDeploymentPostprocessing</key>
			<string>0</string>
			<key>shellPath</key>
			<string>/bin/sh</string>
			<key>shellScript</key>
			<string>"${SRCROOT}/Pods/Target Support Files/Pods-SDOSTest/Pods-SDOSTest-frameworks.sh"
</string>
			<key>showEnvVarsInLog</key>
			<string>0</string>
		</dict>
		<key>DE72D4423CACDA2CD6A98CA3</key>
		<dict>
			<key>children</key>
			<array>
				<string>0004B0924D09813AF818C5AB</string>
			</array>
			<key>isa</key>
			<string>PBXGroup</string>
			<key>name</key>
			<string>Frameworks</string>
			<key>sourceTree</key>
			<string>&lt;group&gt;</string>
		</dict>
		<key>E80C8203EA3046EEFD3081B2</key>
		<dict>
			<key>buildActionMask</key>
			<string>2147483647</string>
			<key>files</key>
			<array/>
			<key>inputPaths</key>
			<array/>
			<key>isa</key>
			<string>PBXShellScriptBuildPhase</string>
			<key>name</key>
			<string>Check Pods Manifest.lock</string>
			<key>outputPaths</key>
			<array/>
			<key>runOnlyForDeploymentPostprocessing</key>
			<string>0</string>
			<key>shellPath</key>
			<string>/bin/sh</string>
			<key>shellScript</key>
			<string>diff "${PODS_ROOT}/../Podfile.lock" "${PODS_ROOT}/Manifest.lock" &gt; /dev/null
if [[ $? != 0 ]] ; then
    cat &lt;&lt; EOM
error: The sandbox is not in sync with the Podfile.lock. Run 'pod install' or update your CocoaPods installation.
EOM
    exit 1
fi
</string>
			<key>showEnvVarsInLog</key>
			<string>0</string>
		</dict>
	</dict>
	<key>rootObject</key>
	<string>3E91F2571B287925008CAE52</string>
</dict>
</plist>
